
Microsoft Visual Studio Solution File, Format Version 11.00
# Visual Studio 2010
Project("{FAE04EC0-301F-11D3-BF4B-00C04F79EFBC}") = "goodgoodrobot", "Assembly-CSharp.csproj", "{80E18505-7669-8524-90D3-DFD2E3017343}"
EndProject
Project("{FAE04EC0-301F-11D3-BF4B-00C04F79EFBC}") = "goodgoodrobot", "Assembly-CSharp-Editor.csproj", "{BBB19A8D-5B78-0744-F084-ADE57608E91F}"
EndProject
Global
	GlobalSection(SolutionConfigurationPlatforms) = preSolution
		Debug|Any CPU = Debug|Any CPU
		Release|Any CPU = Release|Any CPU
	EndGlobalSection
	GlobalSection(ProjectConfigurationPlatforms) = postSolution
		{80E18505-7669-8524-90D3-DFD2E3017343}.Debug|Any CPU.ActiveCfg = Debug|Any CPU
		{80E18505-7669-8524-90D3-DFD2E3017343}.Debug|Any CPU.Build.0 = Debug|Any CPU
		{80E18505-7669-8524-90D3-DFD2E3017343}.Release|Any CPU.ActiveCfg = Release|Any CPU
		{80E18505-7669-8524-90D3-DFD2E3017343}.Release|Any CPU.Build.0 = Release|Any CPU
		{BBB19A8D-5B78-0744-F084-ADE57608E91F}.Debug|Any CPU.ActiveCfg = Debug|Any CPU
		{BBB19A8D-5B78-0744-F084-ADE57608E91F}.Debug|Any CPU.Build.0 = Debug|Any CPU
		{BBB19A8D-5B78-0744-F084-ADE57608E91F}.Release|Any CPU.ActiveCfg = Release|Any CPU
		{BBB19A8D-5B78-0744-F084-ADE57608E91F}.Release|Any CPU.Build.0 = Release|Any CPU
	EndGlobalSection
	GlobalSection(SolutionProperties) = preSolution
		HideSolutionNode = FALSE
	EndGlobalSection
	GlobalSection(MonoDevelopProperties) = preSolution
		StartupItem = Assembly-CSharp.csproj
	EndGlobalSection
EndGlobal
